
Microsoft Visual Studio Solution File, Format Version 12.00
# Visual Studio Version 17
VisualStudioVersion = 17.10.35027.167
MinimumVisualStudioVersion = 10.0.40219.1
Project("{FAE04EC0-301F-11D3-BF4B-00C04F79EFBC}") = "Task", "Task\Task.csproj", "{A85AAE25-9C73-497D-93CF-641F81A4A730}"
EndProject
Global
	GlobalSection(SolutionConfigurationPlatforms) = preSolution
		Debug|Any CPU = Debug|Any CPU
		Release|Any CPU = Release|Any CPU
	EndGlobalSection
	GlobalSection(ProjectConfigurationPlatforms) = postSolution
		{A85AAE25-9C73-497D-93CF-641F81A4A730}.Debug|Any CPU.ActiveCfg = Debug|Any CPU
		{A85AAE25-9C73-497D-93CF-641F81A4A730}.Debug|Any CPU.Build.0 = Debug|Any CPU
		{A85AAE25-9C73-497D-93CF-641F81A4A730}.Release|Any CPU.ActiveCfg = Release|Any CPU
		{A85AAE25-9C73-497D-93CF-641F81A4A730}.Release|Any CPU.Build.0 = Release|Any CPU
	EndGlobalSection
	GlobalSection(SolutionProperties) = preSolution
		HideSolutionNode = FALSE
	EndGlobalSection
	GlobalSection(ExtensibilityGlobals) = postSolution
		SolutionGuid = {91BE2B62-7782-4507-B195-3836D30CC966}
	EndGlobalSection
EndGlobal
